{
  "name": "sentry-quickapp",
  "version": "1.0.0",
  "lockfileVersion": 2,
  "requires": true,
  "packages": {
    "": {
      "name": "sentry-quickapp",
      "version": "1.0.0",
      "license": "ISC",
      "dependencies": {
        "@sentry/core": "^7.49.0",
        "@sentry/types": "^7.49.0"
      },
      "devDependencies": {
        "rollup": "^3.21.0"
      }
    },
    "node_modules/@sentry/core": {
      "version": "7.49.0",
      "resolved": "https://npmjs.zhangyue-inc.com/@sentry%2fcore/-/core-7.49.0.tgz",
      "integrity": "sha512-AlSnCYgfEbvK8pkNluUkmdW/cD9UpvOVCa+ERQswXNRkAv5aDGCL6Ihv6fnIajE++BYuwZh0+HwZUBVKTFzoZg==",
      "license": "MIT",
      "dependencies": {
        "@sentry/types": "7.49.0",
        "@sentry/utils": "7.49.0",
        "tslib": "^1.9.3"
      },
      "engines": {
        "node": ">=8"
      }
    },
    "node_modules/@sentry/types": {
      "version": "7.49.0",
      "resolved": "https://npmjs.zhangyue-inc.com/@sentry%2ftypes/-/types-7.49.0.tgz",
      "integrity": "sha512-9yXXh7iv76+O6h2ONUVx0wsL1auqJFWez62mTjWk4350SgMmWp/zUkBxnVXhmcYqscz/CepC+Loz9vITLXtgxg==",
      "license": "MIT",
      "engines": {
        "node": ">=8"
      }
    },
    "node_modules/@sentry/utils": {
      "version": "7.49.0",
      "resolved": "https://npmjs.zhangyue-inc.com/@sentry%2futils/-/utils-7.49.0.tgz",
      "integrity": "sha512-JdC9yGnOgev4ISJVwmIoFsk8Zx0psDZJAj2DV7x4wMZsO6QK+YjC7G3mUED/S5D5lsrkBZ/3uvQQhr8DQI4UcQ==",
      "license": "MIT",
      "dependencies": {
        "@sentry/types": "7.49.0",
        "tslib": "^1.9.3"
      },
      "engines": {
        "node": ">=8"
      }
    },
    "node_modules/fsevents": {
      "version": "2.3.2",
      "resolved": "https://npmjs.zhangyue-inc.com/fsevents/-/fsevents-2.3.2.tgz",
      "integrity": "sha512-xiqMQR4xAeHTuB9uWm+fFRcIOgKBMiOBP+eXiyT7jsgVCq1bkVygt00oASowB7EdtpOHaaPgKt812P9ab+DDKA==",
      "dev": true,
      "hasInstallScript": true,
      "license": "MIT",
      "optional": true,
      "os": [
        "darwin"
      ],
      "engines": {
        "node": "^8.16.0 || ^10.6.0 || >=11.0.0"
      }
    },
    "node_modules/rollup": {
      "version": "3.21.0",
      "resolved": "https://npmjs.zhangyue-inc.com/rollup/-/rollup-3.21.0.tgz",
      "integrity": "sha512-ANPhVcyeHvYdQMUyCbczy33nbLzI7RzrBje4uvNiTDJGIMtlKoOStmympwr9OtS1LZxiDmE2wvxHyVhoLtf1KQ==",
      "dev": true,
      "license": "MIT",
      "bin": {
        "rollup": "dist/bin/rollup"
      },
      "engines": {
        "node": ">=14.18.0",
        "npm": ">=8.0.0"
      },
      "optionalDependencies": {
        "fsevents": "~2.3.2"
      }
    },
    "node_modules/tslib": {
      "version": "1.14.1",
      "resolved": "https://npmjs.zhangyue-inc.com/tslib/-/tslib-1.14.1.tgz",
      "integrity": "sha512-Xni35NKzjgMrwevysHTCArtLDpPvye8zV/0E4EyYn43P7/7qvQwPh9BGkHewbMulVntbigmcT7rdX3BNo9wRJg==",
      "license": "0BSD"
    }
  },
  "dependencies": {
    "@sentry/core": {
      "version": "7.49.0",
      "resolved": "https://npmjs.zhangyue-inc.com/@sentry%2fcore/-/core-7.49.0.tgz",
      "integrity": "sha512-AlSnCYgfEbvK8pkNluUkmdW/cD9UpvOVCa+ERQswXNRkAv5aDGCL6Ihv6fnIajE++BYuwZh0+HwZUBVKTFzoZg==",
      "requires": {
        "@sentry/types": "7.49.0",
        "@sentry/utils": "7.49.0",
        "tslib": "^1.9.3"
      }
    },
    "@sentry/types": {
      "version": "7.49.0",
      "resolved": "https://npmjs.zhangyue-inc.com/@sentry%2ftypes/-/types-7.49.0.tgz",
      "integrity": "sha512-9yXXh7iv76+O6h2ONUVx0wsL1auqJFWez62mTjWk4350SgMmWp/zUkBxnVXhmcYqscz/CepC+Loz9vITLXtgxg=="
    },
    "@sentry/utils": {
      "version": "7.49.0",
      "resolved": "https://npmjs.zhangyue-inc.com/@sentry%2futils/-/utils-7.49.0.tgz",
      "integrity": "sha512-JdC9yGnOgev4ISJVwmIoFsk8Zx0psDZJAj2DV7x4wMZsO6QK+YjC7G3mUED/S5D5lsrkBZ/3uvQQhr8DQI4UcQ==",
      "requires": {
        "@sentry/types": "7.49.0",
        "tslib": "^1.9.3"
      }
    },
    "fsevents": {
      "version": "2.3.2",
      "resolved": "https://npmjs.zhangyue-inc.com/fsevents/-/fsevents-2.3.2.tgz",
      "integrity": "sha512-xiqMQR4xAeHTuB9uWm+fFRcIOgKBMiOBP+eXiyT7jsgVCq1bkVygt00oASowB7EdtpOHaaPgKt812P9ab+DDKA==",
      "dev": true,
      "optional": true
    },
    "rollup": {
      "version": "3.21.0",
      "resolved": "https://npmjs.zhangyue-inc.com/rollup/-/rollup-3.21.0.tgz",
      "integrity": "sha512-ANPhVcyeHvYdQMUyCbczy33nbLzI7RzrBje4uvNiTDJGIMtlKoOStmympwr9OtS1LZxiDmE2wvxHyVhoLtf1KQ==",
      "dev": true,
      "requires": {
        "fsevents": "~2.3.2"
      }
    },
    "tslib": {
      "version": "1.14.1",
      "resolved": "https://npmjs.zhangyue-inc.com/tslib/-/tslib-1.14.1.tgz",
      "integrity": "sha512-Xni35NKzjgMrwevysHTCArtLDpPvye8zV/0E4EyYn43P7/7qvQwPh9BGkHewbMulVntbigmcT7rdX3BNo9wRJg=="
    }
  }
}
